
Microsoft Visual Studio Solution File, Format Version 11.00
# Visual Studio 2010
Project("{FAE04EC0-301F-11D3-BF4B-00C04F79EFBC}") = "Belajar Unity", "Assembly-CSharp.csproj", "{3026043E-DD5D-41E3-D475-961433B9B63B}"
EndProject
Global
	GlobalSection(SolutionConfigurationPlatforms) = preSolution
		Debug|Any CPU = Debug|Any CPU
		Release|Any CPU = Release|Any CPU
	EndGlobalSection
	GlobalSection(ProjectConfigurationPlatforms) = postSolution
		{3026043E-DD5D-41E3-D475-961433B9B63B}.Debug|Any CPU.ActiveCfg = Debug|Any CPU
		{3026043E-DD5D-41E3-D475-961433B9B63B}.Debug|Any CPU.Build.0 = Debug|Any CPU
		{3026043E-DD5D-41E3-D475-961433B9B63B}.Release|Any CPU.ActiveCfg = Release|Any CPU
		{3026043E-DD5D-41E3-D475-961433B9B63B}.Release|Any CPU.Build.0 = Release|Any CPU
	EndGlobalSection
	GlobalSection(SolutionProperties) = preSolution
		HideSolutionNode = FALSE
	EndGlobalSection
	GlobalSection(MonoDevelopProperties) = preSolution
		StartupItem = Assembly-CSharp.csproj
	EndGlobalSection
EndGlobal
